lockfileVersion: 5.4

specifiers:
  babel-plugin-jest-hoist: workspace:^
  babel-preset-current-node-syntax: ^1.0.0
  pnpm: ^8.4.0

dependencies:
  babel-plugin-jest-hoist: link:../babel-plugin-jest-hoist
  babel-preset-current-node-syntax: 1.0.1
  pnpm: 8.4.0

packages:

  /@babel/helper-plugin-utils/7.21.5:
    resolution: {integrity: sha512-0WDaIlXKOX/3KfBK/dwP1oQGiPh6rjMkT7HIRv7i5RR2VUMwrx5ZL0dwBkKx7+SW1zwNdgjHd34IMk5ZjTeHVg==}
    engines: {node: '>=6.9.0'}
    dev: false

  /@babel/plugin-syntax-async-generators/7.8.4:
    resolution: {integrity: sha512-tycmZxkGfZaxhMRbXlPXuVFpdWlXpir2W4AMhSJgRKzk/eDlIXOhb2LHWoLpDF7TEHylV5zNhykX6KAgHJmTNw==}
    peerDependencies:
      '@babel/core': ^7.0.0-0
    dependencies:
      '@babel/helper-plugin-utils': 7.21.5
    dev: false

  /@babel/plugin-syntax-bigint/7.8.3:
    resolution: {integrity: sha512-wnTnFlG+YxQm3vDxpGE57Pj0srRU4sHE/mDkt1qv2YJJSeUAec2ma4WLUnUPeKjyrfntVwe/N6dCXpU+zL3Npg==}
    peerDependencies:
      '@babel/core': ^7.0.0-0
    dependencies:
      '@babel/helper-plugin-utils': 7.21.5
    dev: false

  /@babel/plugin-syntax-class-properties/7.12.13:
    resolution: {integrity: sha512-fm4idjKla0YahUNgFNLCB0qySdsoPiZP3iQE3rky0mBUtMZ23yDJ9SJdg6dXTSDnulOVqiF3Hgr9nbXvXTQZYA==}
    peerDependencies:
      '@babel/core': ^7.0.0-0
    dependencies:
      '@babel/helper-plugin-utils': 7.21.5
    dev: false

  /@babel/plugin-syntax-import-meta/7.10.4:
    resolution: {integrity: sha512-Yqfm+XDx0+Prh3VSeEQCPU81yC+JWZ2pDPFSS4ZdpfZhp4MkFMaDC1UqseovEKwSUpnIL7+vK+Clp7bfh0iD7g==}
    peerDependencies:
      '@babel/core': ^7.0.0-0
    dependencies:
      '@babel/helper-plugin-utils': 7.21.5
    dev: false

  /@babel/plugin-syntax-json-strings/7.8.3:
    resolution: {integrity: sha512-lY6kdGpWHvjoe2vk4WrAapEuBR69EMxZl+RoGRhrFGNYVK8mOPAW8VfbT/ZgrFbXlDNiiaxQnAtgVCZ6jv30EA==}
    peerDependencies:
      '@babel/core': ^7.0.0-0
    dependencies:
      '@babel/helper-plugin-utils': 7.21.5
    dev: false

  /@babel/plugin-syntax-logical-assignment-operators/7.10.4:
    resolution: {integrity: sha512-d8waShlpFDinQ5MtvGU9xDAOzKH47+FFoney2baFIoMr952hKOLp1HR7VszoZvOsV/4+RRszNY7D17ba0te0ig==}
    peerDependencies:
      '@babel/core': ^7.0.0-0
    dependencies:
      '@babel/helper-plugin-utils': 7.21.5
    dev: false

  /@babel/plugin-syntax-nullish-coalescing-operator/7.8.3:
    resolution: {integrity: sha512-aSff4zPII1u2QD7y+F8oDsz19ew4IGEJg9SVW+bqwpwtfFleiQDMdzA/R+UlWDzfnHFCxxleFT0PMIrR36XLNQ==}
    peerDependencies:
      '@babel/core': ^7.0.0-0
    dependencies:
      '@babel/helper-plugin-utils': 7.21.5
    dev: false

  /@babel/plugin-syntax-numeric-separator/7.10.4:
    resolution: {integrity: sha512-9H6YdfkcK/uOnY/K7/aA2xpzaAgkQn37yzWUMRK7OaPOqOpGS1+n0H5hxT9AUw9EsSjPW8SVyMJwYRtWs3X3ug==}
    peerDependencies:
      '@babel/core': ^7.0.0-0
    dependencies:
      '@babel/helper-plugin-utils': 7.21.5
    dev: false

  /@babel/plugin-syntax-object-rest-spread/7.8.3:
    resolution: {integrity: sha512-XoqMijGZb9y3y2XskN+P1wUGiVwWZ5JmoDRwx5+3GmEplNyVM2s2Dg8ILFQm8rWM48orGy5YpI5Bl8U1y7ydlA==}
    peerDependencies:
      '@babel/core': ^7.0.0-0
    dependencies:
      '@babel/helper-plugin-utils': 7.21.5
    dev: false

  /@babel/plugin-syntax-optional-catch-binding/7.8.3:
    resolution: {integrity: sha512-6VPD0Pc1lpTqw0aKoeRTMiB+kWhAoT24PA+ksWSBrFtl5SIRVpZlwN3NNPQjehA2E/91FV3RjLWoVTglWcSV3Q==}
    peerDependencies:
      '@babel/core': ^7.0.0-0
    dependencies:
      '@babel/helper-plugin-utils': 7.21.5
    dev: false

  /@babel/plugin-syntax-optional-chaining/7.8.3:
    resolution: {integrity: sha512-KoK9ErH1MBlCPxV0VANkXW2/dw4vlbGDrFgz8bmUsBGYkFRcbRwMh6cIJubdPrkxRwuGdtCk0v/wPTKbQgBjkg==}
    peerDependencies:
      '@babel/core': ^7.0.0-0
    dependencies:
      '@babel/helper-plugin-utils': 7.21.5
    dev: false

  /@babel/plugin-syntax-top-level-await/7.14.5:
    resolution: {integrity: sha512-hx++upLv5U1rgYfwe1xBQUhRmU41NEvpUvrp8jkrSCdvGSnM5/qdRMtylJ6PG5OFkBaHkbTAKTnd3/YyESRHFw==}
    engines: {node: '>=6.9.0'}
    peerDependencies:
      '@babel/core': ^7.0.0-0
    dependencies:
      '@babel/helper-plugin-utils': 7.21.5
    dev: false

  /babel-preset-current-node-syntax/1.0.1:
    resolution: {integrity: sha512-M7LQ0bxarkxQoN+vz5aJPsLBn77n8QgTFmo8WK0/44auK2xlCXrYcUxHFxgU7qW5Yzw/CjmLRK2uJzaCd7LvqQ==}
    peerDependencies:
      '@babel/core': ^7.0.0
    dependencies:
      '@babel/plugin-syntax-async-generators': 7.8.4
      '@babel/plugin-syntax-bigint': 7.8.3
      '@babel/plugin-syntax-class-properties': 7.12.13
      '@babel/plugin-syntax-import-meta': 7.10.4
      '@babel/plugin-syntax-json-strings': 7.8.3
      '@babel/plugin-syntax-logical-assignment-operators': 7.10.4
      '@babel/plugin-syntax-nullish-coalescing-operator': 7.8.3
      '@babel/plugin-syntax-numeric-separator': 7.10.4
      '@babel/plugin-syntax-object-rest-spread': 7.8.3
      '@babel/plugin-syntax-optional-catch-binding': 7.8.3
      '@babel/plugin-syntax-optional-chaining': 7.8.3
      '@babel/plugin-syntax-top-level-await': 7.14.5
    dev: false

  /pnpm/8.4.0:
    resolution: {integrity: sha512-oW5jpFgCmXHIVOU5HZLBWGBtCH7K4JSRdpk7/f+Dtp+KhUsX5NQaWzzYyU9TX7eAsfYMko179133gbUS+JTrMw==}
    engines: {node: '>=16.14'}
    hasBin: true
    dev: false
