lockfileVersion: 5.4

specifiers:
  '@jest/types': workspace:^
  '@tsd/typescript': ^4.9.0
  '@types/node': '*'
  jest-util: workspace:^
  pnpm: ^8.4.0
  tsd-lite: ^0.7.0

dependencies:
  '@jest/types': link:../jest-types
  '@types/node': 18.16.3
  jest-util: link:../jest-util
  pnpm: 8.4.0

devDependencies:
  '@tsd/typescript': 4.9.5
  tsd-lite: 0.7.0_@tsd+typescript@4.9.5

packages:

  /@tsd/typescript/4.9.5:
    resolution: {integrity: sha512-+UgxOvJUl5rQdPFSSOOwhmSmpThm8DJ3HwHxAOq5XYe7CcmG1LcM2QeqWwILzUIT5tbeMqY8qABiCsRtIjk/2g==}
    dev: true

  /@types/node/18.16.3:
    resolution: {integrity: sha512-OPs5WnnT1xkCBiuQrZA4+YAV4HEJejmHneyraIaxsbev5yCEr6KMwINNFP9wQeFIw8FWcoTqF3vQsa5CDaI+8Q==}
    dev: false

  /pnpm/8.4.0:
    resolution: {integrity: sha512-oW5jpFgCmXHIVOU5HZLBWGBtCH7K4JSRdpk7/f+Dtp+KhUsX5NQaWzzYyU9TX7eAsfYMko179133gbUS+JTrMw==}
    engines: {node: '>=16.14'}
    hasBin: true
    dev: false

  /tsd-lite/0.7.0_@tsd+typescript@4.9.5:
    resolution: {integrity: sha512-XhQ7w/RPzfjSb98LIQB1qx7yAvRV6+h5JFP4dCvd79Hbp23X8CCx4EdRAQm6faTkRdprKYvZE8kxlK6LpJp8vg==}
    engines: {node: '>=14'}
    peerDependencies:
      '@tsd/typescript': 4.x || 5.x
    dependencies:
      '@tsd/typescript': 4.9.5
    dev: true
