lockfileVersion: 5.4

specifiers:
  '@jest/test-utils': workspace:^
  '@jest/types': workspace:^
  '@sinonjs/fake-timers': ^10.0.2
  '@types/node': '*'
  '@types/sinonjs__fake-timers': ^8.1.2
  jest-message-util: workspace:^
  jest-mock: workspace:^
  jest-util: workspace:^
  pnpm: ^8.4.0

dependencies:
  '@jest/types': link:../jest-types
  '@sinonjs/fake-timers': 10.0.2
  '@types/node': 18.16.3
  jest-message-util: link:../jest-message-util
  jest-mock: link:../jest-mock
  jest-util: link:../jest-util
  pnpm: 8.4.0

devDependencies:
  '@jest/test-utils': link:../test-utils
  '@types/sinonjs__fake-timers': 8.1.2

packages:

  /@sinonjs/commons/2.0.0:
    resolution: {integrity: sha512-uLa0j859mMrg2slwQYdO/AkrOfmH+X6LTVmNTS9CqexuE2IvVORIkSpJLqePAbEnKJ77aMmCwr1NUZ57120Xcg==}
    dependencies:
      type-detect: 4.0.8
    dev: false

  /@sinonjs/fake-timers/10.0.2:
    resolution: {integrity: sha512-SwUDyjWnah1AaNl7kxsa7cfLhlTYoiyhDAIgyh+El30YvXs/o7OLXpYH88Zdhyx9JExKrmHDJ+10bwIcY80Jmw==}
    dependencies:
      '@sinonjs/commons': 2.0.0
    dev: false

  /@types/node/18.16.3:
    resolution: {integrity: sha512-OPs5WnnT1xkCBiuQrZA4+YAV4HEJejmHneyraIaxsbev5yCEr6KMwINNFP9wQeFIw8FWcoTqF3vQsa5CDaI+8Q==}
    dev: false

  /@types/sinonjs__fake-timers/8.1.2:
    resolution: {integrity: sha512-9GcLXF0/v3t80caGs5p2rRfkB+a8VBGLJZVih6CNFkx8IZ994wiKKLSRs9nuFwk1HevWs/1mnUmkApGrSGsShA==}
    dev: true

  /pnpm/8.4.0:
    resolution: {integrity: sha512-oW5jpFgCmXHIVOU5HZLBWGBtCH7K4JSRdpk7/f+Dtp+KhUsX5NQaWzzYyU9TX7eAsfYMko179133gbUS+JTrMw==}
    engines: {node: '>=16.14'}
    hasBin: true
    dev: false

  /type-detect/4.0.8:
    resolution: {integrity: sha512-0fr/mIH1dlO+x7TlcMy+bIDqKPsw/70tVyeHW787goQjhmqaZe10uwLujubK9q9Lg6Fiho1KUKDYz0Z7k7g5/g==}
    engines: {node: '>=4'}
    dev: false
